
Microsoft Visual Studio Solution File, Format Version 12.00
# Visual Studio Version 17
VisualStudioVersion = 17.1.32319.34
MinimumVisualStudioVersion = 10.0.40219.1
Project("{FAE04EC0-301F-11D3-BF4B-00C04F79EFBC}") = "BancaDigital5460.UWP", "BancaDigital5460\BancaDigital5460.UWP\BancaDigital5460.UWP.csproj", "{012F6EF9-4E20-4156-8356-865DD0E5796B}"
EndProject
Project("{FAE04EC0-301F-11D3-BF4B-00C04F79EFBC}") = "BancaDigital5460.Android", "BancaDigital5460\BancaDigital5460.Android\BancaDigital5460.Android.csproj", "{EBB20CF6-D4D0-4205-A878-AB75EFB85994}"
EndProject
Project("{FAE04EC0-301F-11D3-BF4B-00C04F79EFBC}") = "BancaDigital5460.iOS", "BancaDigital5460\BancaDigital5460.iOS\BancaDigital5460.iOS.csproj", "{E0B61A2D-FA00-48BE-BC87-DA57BC3C2AB6}"
EndProject
Project("{FAE04EC0-301F-11D3-BF4B-00C04F79EFBC}") = "BancaDigital5460", "BancaDigital5460\BancaDigital5460\BancaDigital5460.csproj", "{68E8D288-9F9D-4A3F-9C31-F7D22FC9AF74}"
EndProject
Global
	GlobalSection(SolutionConfigurationPlatforms) = preSolution
		Debug|Any CPU = Debug|Any CPU
		Debug|ARM = Debug|ARM
		Debug|iPhone = Debug|iPhone
		Debug|iPhoneSimulator = Debug|iPhoneSimulator
		Debug|x64 = Debug|x64
		Debug|x86 = Debug|x86
		Release|Any CPU = Release|Any CPU
		Release|ARM = Release|ARM
		Release|iPhone = Release|iPhone
		Release|iPhoneSimulator = Release|iPhoneSimulator
		Release|x64 = Release|x64
		Release|x86 = Release|x86
	EndGlobalSection
	GlobalSection(ProjectConfigurationPlatforms) = postSolution
		{012F6EF9-4E20-4156-8356-865DD0E5796B}.Debug|Any CPU.ActiveCfg = Debug|x64
		{012F6EF9-4E20-4156-8356-865DD0E5796B}.Debug|Any CPU.Build.0 = Debug|x64
		{012F6EF9-4E20-4156-8356-865DD0E5796B}.Debug|Any CPU.Deploy.0 = Debug|x64
		{012F6EF9-4E20-4156-8356-865DD0E5796B}.Debug|ARM.ActiveCfg = Debug|ARM
		{012F6EF9-4E20-4156-8356-865DD0E5796B}.Debug|ARM.Build.0 = Debug|ARM
		{012F6EF9-4E20-4156-8356-865DD0E5796B}.Debug|ARM.Deploy.0 = Debug|ARM
		{012F6EF9-4E20-4156-8356-865DD0E5796B}.Debug|iPhone.ActiveCfg = Debug|x64
		{012F6EF9-4E20-4156-8356-865DD0E5796B}.Debug|iPhone.Build.0 = Debug|x64
		{012F6EF9-4E20-4156-8356-865DD0E5796B}.Debug|iPhone.Deploy.0 = Debug|x64
		{012F6EF9-4E20-4156-8356-865DD0E5796B}.Debug|iPhoneSimulator.ActiveCfg = Debug|x64
		{012F6EF9-4E20-4156-8356-865DD0E5796B}.Debug|iPhoneSimulator.Build.0 = Debug|x64
		{012F6EF9-4E20-4156-8356-865DD0E5796B}.Debug|iPhoneSimulator.Deploy.0 = Debug|x64
		{012F6EF9-4E20-4156-8356-865DD0E5796B}.Debug|x64.ActiveCfg = Debug|x64
		{012F6EF9-4E20-4156-8356-865DD0E5796B}.Debug|x64.Build.0 = Debug|x64
		{012F6EF9-4E20-4156-8356-865DD0E5796B}.Debug|x64.Deploy.0 = Debug|x64
		{012F6EF9-4E20-4156-8356-865DD0E5796B}.Debug|x86.ActiveCfg = Debug|x86
		{012F6EF9-4E20-4156-8356-865DD0E5796B}.Debug|x86.Build.0 = Debug|x86
		{012F6EF9-4E20-4156-8356-865DD0E5796B}.Debug|x86.Deploy.0 = Debug|x86
		{012F6EF9-4E20-4156-8356-865DD0E5796B}.Release|Any CPU.ActiveCfg = Release|x64
		{012F6EF9-4E20-4156-8356-865DD0E5796B}.Release|Any CPU.Build.0 = Release|x64
		{012F6EF9-4E20-4156-8356-865DD0E5796B}.Release|Any CPU.Deploy.0 = Release|x64
		{012F6EF9-4E20-4156-8356-865DD0E5796B}.Release|ARM.ActiveCfg = Release|ARM
		{012F6EF9-4E20-4156-8356-865DD0E5796B}.Release|ARM.Build.0 = Release|ARM
		{012F6EF9-4E20-4156-8356-865DD0E5796B}.Release|ARM.Deploy.0 = Release|ARM
		{012F6EF9-4E20-4156-8356-865DD0E5796B}.Release|iPhone.ActiveCfg = Release|x64
		{012F6EF9-4E20-4156-8356-865DD0E5796B}.Release|iPhone.Build.0 = Release|x64
		{012F6EF9-4E20-4156-8356-865DD0E5796B}.Release|iPhone.Deploy.0 = Release|x64
		{012F6EF9-4E20-4156-8356-865DD0E5796B}.Release|iPhoneSimulator.ActiveCfg = Release|x64
		{012F6EF9-4E20-4156-8356-865DD0E5796B}.Release|iPhoneSimulator.Build.0 = Release|x64
		{012F6EF9-4E20-4156-8356-865DD0E5796B}.Release|iPhoneSimulator.Deploy.0 = Release|x64
		{012F6EF9-4E20-4156-8356-865DD0E5796B}.Release|x64.ActiveCfg = Release|x64
		{012F6EF9-4E20-4156-8356-865DD0E5796B}.Release|x64.Build.0 = Release|x64
		{012F6EF9-4E20-4156-8356-865DD0E5796B}.Release|x64.Deploy.0 = Release|x64
		{012F6EF9-4E20-4156-8356-865DD0E5796B}.Release|x86.ActiveCfg = Release|x86
		{012F6EF9-4E20-4156-8356-865DD0E5796B}.Release|x86.Build.0 = Release|x86
		{012F6EF9-4E20-4156-8356-865DD0E5796B}.Release|x86.Deploy.0 = Release|x86
		{EBB20CF6-D4D0-4205-A878-AB75EFB85994}.Debug|Any CPU.ActiveCfg = Debug|Any CPU
		{EBB20CF6-D4D0-4205-A878-AB75EFB85994}.Debug|Any CPU.Build.0 = Debug|Any CPU
		{EBB20CF6-D4D0-4205-A878-AB75EFB85994}.Debug|Any CPU.Deploy.0 = Debug|Any CPU
		{EBB20CF6-D4D0-4205-A878-AB75EFB85994}.Debug|ARM.ActiveCfg = Debug|Any CPU
		{EBB20CF6-D4D0-4205-A878-AB75EFB85994}.Debug|ARM.Build.0 = Debug|Any CPU
		{EBB20CF6-D4D0-4205-A878-AB75EFB85994}.Debug|ARM.Deploy.0 = Debug|Any CPU
		{EBB20CF6-D4D0-4205-A878-AB75EFB85994}.Debug|iPhone.ActiveCfg = Debug|Any CPU
		{EBB20CF6-D4D0-4205-A878-AB75EFB85994}.Debug|iPhone.Build.0 = Debug|Any CPU
		{EBB20CF6-D4D0-4205-A878-AB75EFB85994}.Debug|iPhone.Deploy.0 = Debug|Any CPU
		{EBB20CF6-D4D0-4205-A878-AB75EFB85994}.Debug|iPhoneSimulator.ActiveCfg = Debug|Any CPU
		{EBB20CF6-D4D0-4205-A878-AB75EFB85994}.Debug|iPhoneSimulator.Build.0 = Debug|Any CPU
		{EBB20CF6-D4D0-4205-A878-AB75EFB85994}.Debug|iPhoneSimulator.Deploy.0 = Debug|Any CPU
		{EBB20CF6-D4D0-4205-A878-AB75EFB85994}.Debug|x64.ActiveCfg = Debug|Any CPU
		{EBB20CF6-D4D0-4205-A878-AB75EFB85994}.Debug|x64.Build.0 = Debug|Any CPU
		{EBB20CF6-D4D0-4205-A878-AB75EFB85994}.Debug|x64.Deploy.0 = Debug|Any CPU
		{EBB20CF6-D4D0-4205-A878-AB75EFB85994}.Debug|x86.ActiveCfg = Debug|Any CPU
		{EBB20CF6-D4D0-4205-A878-AB75EFB85994}.Debug|x86.Build.0 = Debug|Any CPU
		{EBB20CF6-D4D0-4205-A878-AB75EFB85994}.Debug|x86.Deploy.0 = Debug|Any CPU
		{EBB20CF6-D4D0-4205-A878-AB75EFB85994}.Release|Any CPU.ActiveCfg = Release|Any CPU
		{EBB20CF6-D4D0-4205-A878-AB75EFB85994}.Release|Any CPU.Build.0 = Release|Any CPU
		{EBB20CF6-D4D0-4205-A878-AB75EFB85994}.Release|Any CPU.Deploy.0 = Release|Any CPU
		{EBB20CF6-D4D0-4205-A878-AB75EFB85994}.Release|ARM.ActiveCfg = Release|Any CPU
		{EBB20CF6-D4D0-4205-A878-AB75EFB85994}.Release|ARM.Build.0 = Release|Any CPU
		{EBB20CF6-D4D0-4205-A878-AB75EFB85994}.Release|ARM.Deploy.0 = Release|Any CPU
		{EBB20CF6-D4D0-4205-A878-AB75EFB85994}.Release|iPhone.ActiveCfg = Release|Any CPU
		{EBB20CF6-D4D0-4205-A878-AB75EFB85994}.Release|iPhone.Build.0 = Release|Any CPU
		{EBB20CF6-D4D0-4205-A878-AB75EFB85994}.Release|iPhone.Deploy.0 = Release|Any CPU
		{EBB20CF6-D4D0-4205-A878-AB75EFB85994}.Release|iPhoneSimulator.ActiveCfg = Release|Any CPU
		{EBB20CF6-D4D0-4205-A878-AB75EFB85994}.Release|iPhoneSimulator.Build.0 = Release|Any CPU
		{EBB20CF6-D4D0-4205-A878-AB75EFB85994}.Release|iPhoneSimulator.Deploy.0 = Release|Any CPU
		{EBB20CF6-D4D0-4205-A878-AB75EFB85994}.Release|x64.ActiveCfg = Release|Any CPU
		{EBB20CF6-D4D0-4205-A878-AB75EFB85994}.Release|x64.Build.0 = Release|Any CPU
		{EBB20CF6-D4D0-4205-A878-AB75EFB85994}.Release|x64.Deploy.0 = Release|Any CPU
		{EBB20CF6-D4D0-4205-A878-AB75EFB85994}.Release|x86.ActiveCfg = Release|Any CPU
		{EBB20CF6-D4D0-4205-A878-AB75EFB85994}.Release|x86.Build.0 = Release|Any CPU
		{EBB20CF6-D4D0-4205-A878-AB75EFB85994}.Release|x86.Deploy.0 = Release|Any CPU
		{E0B61A2D-FA00-48BE-BC87-DA57BC3C2AB6}.Debug|Any CPU.ActiveCfg = Debug|iPhoneSimulator
		{E0B61A2D-FA00-48BE-BC87-DA57BC3C2AB6}.Debug|Any CPU.Build.0 = Debug|iPhoneSimulator
		{E0B61A2D-FA00-48BE-BC87-DA57BC3C2AB6}.Debug|Any CPU.Deploy.0 = Debug|iPhoneSimulator
		{E0B61A2D-FA00-48BE-BC87-DA57BC3C2AB6}.Debug|ARM.ActiveCfg = Debug|iPhoneSimulator
		{E0B61A2D-FA00-48BE-BC87-DA57BC3C2AB6}.Debug|ARM.Build.0 = Debug|iPhoneSimulator
		{E0B61A2D-FA00-48BE-BC87-DA57BC3C2AB6}.Debug|ARM.Deploy.0 = Debug|iPhoneSimulator
		{E0B61A2D-FA00-48BE-BC87-DA57BC3C2AB6}.Debug|iPhone.ActiveCfg = Debug|iPhone
		{E0B61A2D-FA00-48BE-BC87-DA57BC3C2AB6}.Debug|iPhone.Build.0 = Debug|iPhone
		{E0B61A2D-FA00-48BE-BC87-DA57BC3C2AB6}.Debug|iPhone.Deploy.0 = Debug|iPhone
		{E0B61A2D-FA00-48BE-BC87-DA57BC3C2AB6}.Debug|iPhoneSimulator.ActiveCfg = Debug|iPhoneSimulator
		{E0B61A2D-FA00-48BE-BC87-DA57BC3C2AB6}.Debug|iPhoneSimulator.Build.0 = Debug|iPhoneSimulator
		{E0B61A2D-FA00-48BE-BC87-DA57BC3C2AB6}.Debug|iPhoneSimulator.Deploy.0 = Debug|iPhoneSimulator
		{E0B61A2D-FA00-48BE-BC87-DA57BC3C2AB6}.Debug|x64.ActiveCfg = Debug|iPhone
		{E0B61A2D-FA00-48BE-BC87-DA57BC3C2AB6}.Debug|x64.Build.0 = Debug|iPhone
		{E0B61A2D-FA00-48BE-BC87-DA57BC3C2AB6}.Debug|x64.Deploy.0 = Debug|iPhone
		{E0B61A2D-FA00-48BE-BC87-DA57BC3C2AB6}.Debug|x86.ActiveCfg = Debug|iPhoneSimulator
		{E0B61A2D-FA00-48BE-BC87-DA57BC3C2AB6}.Debug|x86.Build.0 = Debug|iPhoneSimulator
		{E0B61A2D-FA00-48BE-BC87-DA57BC3C2AB6}.Debug|x86.Deploy.0 = Debug|iPhoneSimulator
		{E0B61A2D-FA00-48BE-BC87-DA57BC3C2AB6}.Release|Any CPU.ActiveCfg = Release|iPhoneSimulator
		{E0B61A2D-FA00-48BE-BC87-DA57BC3C2AB6}.Release|Any CPU.Build.0 = Release|iPhoneSimulator
		{E0B61A2D-FA00-48BE-BC87-DA57BC3C2AB6}.Release|Any CPU.Deploy.0 = Release|iPhoneSimulator
		{E0B61A2D-FA00-48BE-BC87-DA57BC3C2AB6}.Release|ARM.ActiveCfg = Release|iPhoneSimulator
		{E0B61A2D-FA00-48BE-BC87-DA57BC3C2AB6}.Release|ARM.Build.0 = Release|iPhoneSimulator
		{E0B61A2D-FA00-48BE-BC87-DA57BC3C2AB6}.Release|ARM.Deploy.0 = Release|iPhoneSimulator
		{E0B61A2D-FA00-48BE-BC87-DA57BC3C2AB6}.Release|iPhone.ActiveCfg = Release|iPhone
		{E0B61A2D-FA00-48BE-BC87-DA57BC3C2AB6}.Release|iPhone.Build.0 = Release|iPhone
		{E0B61A2D-FA00-48BE-BC87-DA57BC3C2AB6}.Release|iPhone.Deploy.0 = Release|iPhone
		{E0B61A2D-FA00-48BE-BC87-DA57BC3C2AB6}.Release|iPhoneSimulator.ActiveCfg = Release|iPhoneSimulator
		{E0B61A2D-FA00-48BE-BC87-DA57BC3C2AB6}.Release|iPhoneSimulator.Build.0 = Release|iPhoneSimulator
		{E0B61A2D-FA00-48BE-BC87-DA57BC3C2AB6}.Release|iPhoneSimulator.Deploy.0 = Release|iPhoneSimulator
		{E0B61A2D-FA00-48BE-BC87-DA57BC3C2AB6}.Release|x64.ActiveCfg = Release|iPhoneSimulator
		{E0B61A2D-FA00-48BE-BC87-DA57BC3C2AB6}.Release|x64.Build.0 = Release|iPhoneSimulator
		{E0B61A2D-FA00-48BE-BC87-DA57BC3C2AB6}.Release|x64.Deploy.0 = Release|iPhoneSimulator
		{E0B61A2D-FA00-48BE-BC87-DA57BC3C2AB6}.Release|x86.ActiveCfg = Release|iPhoneSimulator
		{E0B61A2D-FA00-48BE-BC87-DA57BC3C2AB6}.Release|x86.Build.0 = Release|iPhoneSimulator
		{E0B61A2D-FA00-48BE-BC87-DA57BC3C2AB6}.Release|x86.Deploy.0 = Release|iPhoneSimulator
		{68E8D288-9F9D-4A3F-9C31-F7D22FC9AF74}.Debug|Any CPU.ActiveCfg = Debug|Any CPU
		{68E8D288-9F9D-4A3F-9C31-F7D22FC9AF74}.Debug|Any CPU.Build.0 = Debug|Any CPU
		{68E8D288-9F9D-4A3F-9C31-F7D22FC9AF74}.Debug|Any CPU.Deploy.0 = Debug|Any CPU
		{68E8D288-9F9D-4A3F-9C31-F7D22FC9AF74}.Debug|ARM.ActiveCfg = Debug|Any CPU
		{68E8D288-9F9D-4A3F-9C31-F7D22FC9AF74}.Debug|ARM.Build.0 = Debug|Any CPU
		{68E8D288-9F9D-4A3F-9C31-F7D22FC9AF74}.Debug|ARM.Deploy.0 = Debug|Any CPU
		{68E8D288-9F9D-4A3F-9C31-F7D22FC9AF74}.Debug|iPhone.ActiveCfg = Debug|Any CPU
		{68E8D288-9F9D-4A3F-9C31-F7D22FC9AF74}.Debug|iPhone.Build.0 = Debug|Any CPU
		{68E8D288-9F9D-4A3F-9C31-F7D22FC9AF74}.Debug|iPhone.Deploy.0 = Debug|Any CPU
		{68E8D288-9F9D-4A3F-9C31-F7D22FC9AF74}.Debug|iPhoneSimulator.ActiveCfg = Debug|Any CPU
		{68E8D288-9F9D-4A3F-9C31-F7D22FC9AF74}.Debug|iPhoneSimulator.Build.0 = Debug|Any CPU
		{68E8D288-9F9D-4A3F-9C31-F7D22FC9AF74}.Debug|iPhoneSimulator.Deploy.0 = Debug|Any CPU
		{68E8D288-9F9D-4A3F-9C31-F7D22FC9AF74}.Debug|x64.ActiveCfg = Debug|Any CPU
		{68E8D288-9F9D-4A3F-9C31-F7D22FC9AF74}.Debug|x64.Build.0 = Debug|Any CPU
		{68E8D288-9F9D-4A3F-9C31-F7D22FC9AF74}.Debug|x64.Deploy.0 = Debug|Any CPU
		{68E8D288-9F9D-4A3F-9C31-F7D22FC9AF74}.Debug|x86.ActiveCfg = Debug|Any CPU
		{68E8D288-9F9D-4A3F-9C31-F7D22FC9AF74}.Debug|x86.Build.0 = Debug|Any CPU
		{68E8D288-9F9D-4A3F-9C31-F7D22FC9AF74}.Debug|x86.Deploy.0 = Debug|Any CPU
		{68E8D288-9F9D-4A3F-9C31-F7D22FC9AF74}.Release|Any CPU.ActiveCfg = Release|Any CPU
		{68E8D288-9F9D-4A3F-9C31-F7D22FC9AF74}.Release|Any CPU.Build.0 = Release|Any CPU
		{68E8D288-9F9D-4A3F-9C31-F7D22FC9AF74}.Release|Any CPU.Deploy.0 = Release|Any CPU
		{68E8D288-9F9D-4A3F-9C31-F7D22FC9AF74}.Release|ARM.ActiveCfg = Release|Any CPU
		{68E8D288-9F9D-4A3F-9C31-F7D22FC9AF74}.Release|ARM.Build.0 = Release|Any CPU
		{68E8D288-9F9D-4A3F-9C31-F7D22FC9AF74}.Release|ARM.Deploy.0 = Release|Any CPU
		{68E8D288-9F9D-4A3F-9C31-F7D22FC9AF74}.Release|iPhone.ActiveCfg = Release|Any CPU
		{68E8D288-9F9D-4A3F-9C31-F7D22FC9AF74}.Release|iPhone.Build.0 = Release|Any CPU
		{68E8D288-9F9D-4A3F-9C31-F7D22FC9AF74}.Release|iPhone.Deploy.0 = Release|Any CPU
		{68E8D288-9F9D-4A3F-9C31-F7D22FC9AF74}.Release|iPhoneSimulator.ActiveCfg = Release|Any CPU
		{68E8D288-9F9D-4A3F-9C31-F7D22FC9AF74}.Release|iPhoneSimulator.Build.0 = Release|Any CPU
		{68E8D288-9F9D-4A3F-9C31-F7D22FC9AF74}.Release|iPhoneSimulator.Deploy.0 = Release|Any CPU
		{68E8D288-9F9D-4A3F-9C31-F7D22FC9AF74}.Release|x64.ActiveCfg = Release|Any CPU
		{68E8D288-9F9D-4A3F-9C31-F7D22FC9AF74}.Release|x64.Build.0 = Release|Any CPU
		{68E8D288-9F9D-4A3F-9C31-F7D22FC9AF74}.Release|x64.Deploy.0 = Release|Any CPU
		{68E8D288-9F9D-4A3F-9C31-F7D22FC9AF74}.Release|x86.ActiveCfg = Release|Any CPU
		{68E8D288-9F9D-4A3F-9C31-F7D22FC9AF74}.Release|x86.Build.0 = Release|Any CPU
		{68E8D288-9F9D-4A3F-9C31-F7D22FC9AF74}.Release|x86.Deploy.0 = Release|Any CPU
	EndGlobalSection
	GlobalSection(SolutionProperties) = preSolution
		HideSolutionNode = FALSE
	EndGlobalSection
	GlobalSection(ExtensibilityGlobals) = postSolution
		SolutionGuid = {6EDFB30C-B93B-49DC-AF0C-399D979294D8}
	EndGlobalSection
EndGlobal
